
Microsoft Visual Studio Solution File, Format Version 12.00
# Visual Studio Version 16
VisualStudioVersion = 16.0.32901.82
MinimumVisualStudioVersion = 10.0.40219.1
Project("{FAE04EC0-301F-11D3-BF4B-00C04F79EFBC}") = "RickAndMortyWebApi", "RickAndMortyWebApi\RickAndMortyWebApi.csproj", "{50835493-DE3E-453D-BE45-9C2708327EEA}"
EndProject
Global
	GlobalSection(SolutionConfigurationPlatforms) = preSolution
		Debug|Any CPU = Debug|Any CPU
		Release|Any CPU = Release|Any CPU
	EndGlobalSection
	GlobalSection(ProjectConfigurationPlatforms) = postSolution
		{50835493-DE3E-453D-BE45-9C2708327EEA}.Debug|Any CPU.ActiveCfg = Debug|Any CPU
		{50835493-DE3E-453D-BE45-9C2708327EEA}.Debug|Any CPU.Build.0 = Debug|Any CPU
		{50835493-DE3E-453D-BE45-9C2708327EEA}.Release|Any CPU.ActiveCfg = Release|Any CPU
		{50835493-DE3E-453D-BE45-9C2708327EEA}.Release|Any CPU.Build.0 = Release|Any CPU
	EndGlobalSection
	GlobalSection(SolutionProperties) = preSolution
		HideSolutionNode = FALSE
	EndGlobalSection
	GlobalSection(ExtensibilityGlobals) = postSolution
		SolutionGuid = {9BEFD1EF-1D50-4650-BD7A-18A7348E0541}
	EndGlobalSection
EndGlobal
